
Microsoft Visual Studio Solution File, Format Version 12.00
# Visual Studio Version 17
VisualStudioVersion = 17.13.35919.96 d17.13
MinimumVisualStudioVersion = 10.0.40219.1
Project("{2150E333-8FDC-42A3-9474-1A3956D46DE8}") = "WebApps", "WebApps", "{B17C2944-B379-45DA-AF5D-B20D53DF72C0}"
EndProject
Project("{2150E333-8FDC-42A3-9474-1A3956D46DE8}") = "Conteudos", "Conteudos", "{2C47FF0C-83B7-48DB-BB6D-4CFD0ED5E34A}"
EndProject
Project("{2150E333-8FDC-42A3-9474-1A3956D46DE8}") = "Core", "Core", "{EF11639C-E334-4721-BC7B-12205830A03E}"
EndProject
Project("{2150E333-8FDC-42A3-9474-1A3956D46DE8}") = "Tests", "Tests", "{7AECFE51-A6F8-4C3D-9114-A4BE7FBCC7DF}"
EndProject
Project("{FAE04EC0-301F-11D3-BF4B-00C04F79EFBC}") = "TelesEducacao.Conteudos.Domain.Tests", "tests\TelesEducacao.Catalogo.Domain.Tests\TelesEducacao.Conteudos.Domain.Tests.csproj", "{9B5C3067-0F4F-4D51-B2EE-C66E7D5568B8}"
EndProject
Project("{2150E333-8FDC-42A3-9474-1A3956D46DE8}") = "Alunos", "Alunos", "{47D0850C-E4D3-4DB7-B9BB-3EB00FFC3F61}"
EndProject
Project("{2150E333-8FDC-42A3-9474-1A3956D46DE8}") = "Pagamentos", "Pagamentos", "{D376EF6A-D56B-4C5C-9EBC-6461D9905F95}"
EndProject
Project("{2150E333-8FDC-42A3-9474-1A3956D46DE8}") = "src", "src", "{635CC65E-1322-4793-AF40-D6213384BDCA}"
EndProject
Project("{2150E333-8FDC-42A3-9474-1A3956D46DE8}") = "Building Blocks", "Building Blocks", "{FE4B4C02-D958-47DC-86ED-5DCDA2083B25}"
EndProject
Project("{2150E333-8FDC-42A3-9474-1A3956D46DE8}") = "Services", "Services", "{37B3C3B3-AE38-4F81-BDD6-0A53258C111C}"
EndProject
Project("{2150E333-8FDC-42A3-9474-1A3956D46DE8}") = "Web", "Web", "{C129B0AB-1764-4705-BBC5-08A3C9A597C4}"
EndProject
Project("{2150E333-8FDC-42A3-9474-1A3956D46DE8}") = "Auth", "Auth", "{7635018D-52EF-4B85-95A4-F80FBD596CDF}"
EndProject
Project("{2150E333-8FDC-42A3-9474-1A3956D46DE8}") = "Tests", "Tests", "{EE5CCF75-49F4-47CD-A5C8-8FB782DFCEAD}"
EndProject
Project("{FAE04EC0-301F-11D3-BF4B-00C04F79EFBC}") = "TelesEducacao.Core", "src\building-blocks\TelesEducacao.Core\TelesEducacao.Core.csproj", "{D238FDC3-B618-879F-9841-BB3CCCA83A01}"
EndProject
Project("{FAE04EC0-301F-11D3-BF4B-00C04F79EFBC}") = "TelesEducacao.Alunos.Domain", "src\services\TelesEducacao.Alunos.Domain\TelesEducacao.Alunos.Domain.csproj", "{C68E00E3-BD97-BBFD-7891-347F59976227}"
EndProject
Project("{FAE04EC0-301F-11D3-BF4B-00C04F79EFBC}") = "TelesEducacao.Alunos.Data", "src\services\TelesEducacao.Alunos.Data\TelesEducacao.Alunos.Data.csproj", "{675A7F31-33AF-8510-C43B-CBF83D0EB6D4}"
EndProject
Project("{FAE04EC0-301F-11D3-BF4B-00C04F79EFBC}") = "TelesEducacao.Alunos.Application", "src\services\TelesEducacao.Alunos.Application\TelesEducacao.Alunos.Application.csproj", "{1895F07A-B6CC-4737-8873-45BACD98DAD1}"
EndProject
Project("{FAE04EC0-301F-11D3-BF4B-00C04F79EFBC}") = "TelesEducacao.Conteudos.Domain", "src\services\TelesEducacao.Conteudo.Domain\TelesEducacao.Conteudos.Domain.csproj", "{0C16277D-CCB7-12C1-68FB-D77437729B9E}"
EndProject
Project("{FAE04EC0-301F-11D3-BF4B-00C04F79EFBC}") = "TelesEducacao.Conteudos.Data", "src\services\TelesEducacao.Conteudo.Data\TelesEducacao.Conteudos.Data.csproj", "{78B4278D-17E8-9026-DC15-282D61667068}"
EndProject
Project("{FAE04EC0-301F-11D3-BF4B-00C04F79EFBC}") = "TelesEducacao.Conteudos.Application", "src\services\TelesEducacao.Conteudo.Application\TelesEducacao.Conteudos.Application.csproj", "{A2486D46-86EE-6410-BA01-ED136745211B}"
EndProject
Project("{FAE04EC0-301F-11D3-BF4B-00C04F79EFBC}") = "TelesEducacao.Pagamentos.AntiCorruption", "src\services\TelesEducacao.Pagamentos.AntiCorruption\TelesEducacao.Pagamentos.AntiCorruption.csproj", "{1B8C4EFF-F4B1-0483-22A2-4D6915CBF88A}"
EndProject
Project("{FAE04EC0-301F-11D3-BF4B-00C04F79EFBC}") = "TelesEducacao.Pagamentos.Business", "src\services\TelesEducacao.Pagamentos.Business\TelesEducacao.Pagamentos.Business.csproj", "{58A2846D-5DF8-5431-8466-727B9874E2D7}"
EndProject
Project("{FAE04EC0-301F-11D3-BF4B-00C04F79EFBC}") = "TelesEducacao.Pagamentos.Data", "src\services\TelesEducacao.Pagamentos.Data\TelesEducacao.Pagamentos.Data.csproj", "{B51AE87D-415B-1FD0-C307-A2CDED325B87}"
EndProject
Project("{FAE04EC0-301F-11D3-BF4B-00C04F79EFBC}") = "TelesEducacao.WebApp.API", "src\services\TelesEducacao.WebApp.API\TelesEducacao.WebApp.API.csproj", "{1496C6A7-3318-279E-922A-84CDC8B5E065}"
EndProject
Project("{FAE04EC0-301F-11D3-BF4B-00C04F79EFBC}") = "TelesEducacao.Pagamentos.API", "src\services\TelesEducacao.Pagamentos.API\TelesEducacao.Pagamentos.API.csproj", "{789B47B5-EC24-4737-B516-109834DDF25D}"
EndProject
Project("{FAE04EC0-301F-11D3-BF4B-00C04F79EFBC}") = "TelesEducacao.Alunos.API", "src\services\TelesEducacao.Alunos.API\TelesEducacao.Alunos.API.csproj", "{BA755FA5-4E59-4683-8890-A69D0C696AC8}"
EndProject
Project("{2150E333-8FDC-42A3-9474-1A3956D46DE8}") = "Services", "Services", "{02EA681E-C7D8-13C7-8484-4AC65E1B71E8}"
EndProject
Project("{FAE04EC0-301F-11D3-BF4B-00C04F79EFBC}") = "TelesEducacao.WebAPI.Core", "src\building-blocks\TelesEducacao.WebAPI.Core\TelesEducacao.WebAPI.Core.csproj", "{F9734D7A-8717-4563-B247-BC16BE7B85D4}"
EndProject
Global
	GlobalSection(SolutionConfigurationPlatforms) = preSolution
		Debug|Any CPU = Debug|Any CPU
		Debug|x64 = Debug|x64
		Debug|x86 = Debug|x86
		Release|Any CPU = Release|Any CPU
		Release|x64 = Release|x64
		Release|x86 = Release|x86
	EndGlobalSection
	GlobalSection(ProjectConfigurationPlatforms) = postSolution
		{9B5C3067-0F4F-4D51-B2EE-C66E7D5568B8}.Debug|Any CPU.ActiveCfg = Debug|Any CPU
		{9B5C3067-0F4F-4D51-B2EE-C66E7D5568B8}.Debug|Any CPU.Build.0 = Debug|Any CPU
		{9B5C3067-0F4F-4D51-B2EE-C66E7D5568B8}.Debug|x64.ActiveCfg = Debug|Any CPU
		{9B5C3067-0F4F-4D51-B2EE-C66E7D5568B8}.Debug|x64.Build.0 = Debug|Any CPU
		{9B5C3067-0F4F-4D51-B2EE-C66E7D5568B8}.Debug|x86.ActiveCfg = Debug|Any CPU
		{9B5C3067-0F4F-4D51-B2EE-C66E7D5568B8}.Debug|x86.Build.0 = Debug|Any CPU
		{9B5C3067-0F4F-4D51-B2EE-C66E7D5568B8}.Release|Any CPU.ActiveCfg = Release|Any CPU
		{9B5C3067-0F4F-4D51-B2EE-C66E7D5568B8}.Release|Any CPU.Build.0 = Release|Any CPU
		{9B5C3067-0F4F-4D51-B2EE-C66E7D5568B8}.Release|x64.ActiveCfg = Release|Any CPU
		{9B5C3067-0F4F-4D51-B2EE-C66E7D5568B8}.Release|x64.Build.0 = Release|Any CPU
		{9B5C3067-0F4F-4D51-B2EE-C66E7D5568B8}.Release|x86.ActiveCfg = Release|Any CPU
		{9B5C3067-0F4F-4D51-B2EE-C66E7D5568B8}.Release|x86.Build.0 = Release|Any CPU
		{D238FDC3-B618-879F-9841-BB3CCCA83A01}.Debug|Any CPU.ActiveCfg = Debug|Any CPU
		{D238FDC3-B618-879F-9841-BB3CCCA83A01}.Debug|Any CPU.Build.0 = Debug|Any CPU
		{D238FDC3-B618-879F-9841-BB3CCCA83A01}.Debug|x64.ActiveCfg = Debug|Any CPU
		{D238FDC3-B618-879F-9841-BB3CCCA83A01}.Debug|x64.Build.0 = Debug|Any CPU
		{D238FDC3-B618-879F-9841-BB3CCCA83A01}.Debug|x86.ActiveCfg = Debug|Any CPU
		{D238FDC3-B618-879F-9841-BB3CCCA83A01}.Debug|x86.Build.0 = Debug|Any CPU
		{D238FDC3-B618-879F-9841-BB3CCCA83A01}.Release|Any CPU.ActiveCfg = Release|Any CPU
		{D238FDC3-B618-879F-9841-BB3CCCA83A01}.Release|Any CPU.Build.0 = Release|Any CPU
		{D238FDC3-B618-879F-9841-BB3CCCA83A01}.Release|x64.ActiveCfg = Release|Any CPU
		{D238FDC3-B618-879F-9841-BB3CCCA83A01}.Release|x64.Build.0 = Release|Any CPU
		{D238FDC3-B618-879F-9841-BB3CCCA83A01}.Release|x86.ActiveCfg = Release|Any CPU
		{D238FDC3-B618-879F-9841-BB3CCCA83A01}.Release|x86.Build.0 = Release|Any CPU
		{C68E00E3-BD97-BBFD-7891-347F59976227}.Debug|Any CPU.ActiveCfg = Debug|Any CPU
		{C68E00E3-BD97-BBFD-7891-347F59976227}.Debug|Any CPU.Build.0 = Debug|Any CPU
		{C68E00E3-BD97-BBFD-7891-347F59976227}.Debug|x64.ActiveCfg = Debug|Any CPU
		{C68E00E3-BD97-BBFD-7891-347F59976227}.Debug|x64.Build.0 = Debug|Any CPU
		{C68E00E3-BD97-BBFD-7891-347F59976227}.Debug|x86.ActiveCfg = Debug|Any CPU
		{C68E00E3-BD97-BBFD-7891-347F59976227}.Debug|x86.Build.0 = Debug|Any CPU
		{C68E00E3-BD97-BBFD-7891-347F59976227}.Release|Any CPU.ActiveCfg = Release|Any CPU
		{C68E00E3-BD97-BBFD-7891-347F59976227}.Release|Any CPU.Build.0 = Release|Any CPU
		{C68E00E3-BD97-BBFD-7891-347F59976227}.Release|x64.ActiveCfg = Release|Any CPU
		{C68E00E3-BD97-BBFD-7891-347F59976227}.Release|x64.Build.0 = Release|Any CPU
		{C68E00E3-BD97-BBFD-7891-347F59976227}.Release|x86.ActiveCfg = Release|Any CPU
		{C68E00E3-BD97-BBFD-7891-347F59976227}.Release|x86.Build.0 = Release|Any CPU
		{675A7F31-33AF-8510-C43B-CBF83D0EB6D4}.Debug|Any CPU.ActiveCfg = Debug|Any CPU
		{675A7F31-33AF-8510-C43B-CBF83D0EB6D4}.Debug|Any CPU.Build.0 = Debug|Any CPU
		{675A7F31-33AF-8510-C43B-CBF83D0EB6D4}.Debug|x64.ActiveCfg = Debug|Any CPU
		{675A7F31-33AF-8510-C43B-CBF83D0EB6D4}.Debug|x64.Build.0 = Debug|Any CPU
		{675A7F31-33AF-8510-C43B-CBF83D0EB6D4}.Debug|x86.ActiveCfg = Debug|Any CPU
		{675A7F31-33AF-8510-C43B-CBF83D0EB6D4}.Debug|x86.Build.0 = Debug|Any CPU
		{675A7F31-33AF-8510-C43B-CBF83D0EB6D4}.Release|Any CPU.ActiveCfg = Release|Any CPU
		{675A7F31-33AF-8510-C43B-CBF83D0EB6D4}.Release|Any CPU.Build.0 = Release|Any CPU
		{675A7F31-33AF-8510-C43B-CBF83D0EB6D4}.Release|x64.ActiveCfg = Release|Any CPU
		{675A7F31-33AF-8510-C43B-CBF83D0EB6D4}.Release|x64.Build.0 = Release|Any CPU
		{675A7F31-33AF-8510-C43B-CBF83D0EB6D4}.Release|x86.ActiveCfg = Release|Any CPU
		{675A7F31-33AF-8510-C43B-CBF83D0EB6D4}.Release|x86.Build.0 = Release|Any CPU
		{1895F07A-B6CC-4737-8873-45BACD98DAD1}.Debug|Any CPU.ActiveCfg = Debug|Any CPU
		{1895F07A-B6CC-4737-8873-45BACD98DAD1}.Debug|Any CPU.Build.0 = Debug|Any CPU
		{1895F07A-B6CC-4737-8873-45BACD98DAD1}.Debug|x64.ActiveCfg = Debug|Any CPU
		{1895F07A-B6CC-4737-8873-45BACD98DAD1}.Debug|x64.Build.0 = Debug|Any CPU
		{1895F07A-B6CC-4737-8873-45BACD98DAD1}.Debug|x86.ActiveCfg = Debug|Any CPU
		{1895F07A-B6CC-4737-8873-45BACD98DAD1}.Debug|x86.Build.0 = Debug|Any CPU
		{1895F07A-B6CC-4737-8873-45BACD98DAD1}.Release|Any CPU.ActiveCfg = Release|Any CPU
		{1895F07A-B6CC-4737-8873-45BACD98DAD1}.Release|Any CPU.Build.0 = Release|Any CPU
		{1895F07A-B6CC-4737-8873-45BACD98DAD1}.Release|x64.ActiveCfg = Release|Any CPU
		{1895F07A-B6CC-4737-8873-45BACD98DAD1}.Release|x64.Build.0 = Release|Any CPU
		{1895F07A-B6CC-4737-8873-45BACD98DAD1}.Release|x86.ActiveCfg = Release|Any CPU
		{1895F07A-B6CC-4737-8873-45BACD98DAD1}.Release|x86.Build.0 = Release|Any CPU
		{0C16277D-CCB7-12C1-68FB-D77437729B9E}.Debug|Any CPU.ActiveCfg = Debug|Any CPU
		{0C16277D-CCB7-12C1-68FB-D77437729B9E}.Debug|Any CPU.Build.0 = Debug|Any CPU
		{0C16277D-CCB7-12C1-68FB-D77437729B9E}.Debug|x64.ActiveCfg = Debug|Any CPU
		{0C16277D-CCB7-12C1-68FB-D77437729B9E}.Debug|x64.Build.0 = Debug|Any CPU
		{0C16277D-CCB7-12C1-68FB-D77437729B9E}.Debug|x86.ActiveCfg = Debug|Any CPU
		{0C16277D-CCB7-12C1-68FB-D77437729B9E}.Debug|x86.Build.0 = Debug|Any CPU
		{0C16277D-CCB7-12C1-68FB-D77437729B9E}.Release|Any CPU.ActiveCfg = Release|Any CPU
		{0C16277D-CCB7-12C1-68FB-D77437729B9E}.Release|Any CPU.Build.0 = Release|Any CPU
		{0C16277D-CCB7-12C1-68FB-D77437729B9E}.Release|x64.ActiveCfg = Release|Any CPU
		{0C16277D-CCB7-12C1-68FB-D77437729B9E}.Release|x64.Build.0 = Release|Any CPU
		{0C16277D-CCB7-12C1-68FB-D77437729B9E}.Release|x86.ActiveCfg = Release|Any CPU
		{0C16277D-CCB7-12C1-68FB-D77437729B9E}.Release|x86.Build.0 = Release|Any CPU
		{78B4278D-17E8-9026-DC15-282D61667068}.Debug|Any CPU.ActiveCfg = Debug|Any CPU
		{78B4278D-17E8-9026-DC15-282D61667068}.Debug|Any CPU.Build.0 = Debug|Any CPU
		{78B4278D-17E8-9026-DC15-282D61667068}.Debug|x64.ActiveCfg = Debug|Any CPU
		{78B4278D-17E8-9026-DC15-282D61667068}.Debug|x64.Build.0 = Debug|Any CPU
		{78B4278D-17E8-9026-DC15-282D61667068}.Debug|x86.ActiveCfg = Debug|Any CPU
		{78B4278D-17E8-9026-DC15-282D61667068}.Debug|x86.Build.0 = Debug|Any CPU
		{78B4278D-17E8-9026-DC15-282D61667068}.Release|Any CPU.ActiveCfg = Release|Any CPU
		{78B4278D-17E8-9026-DC15-282D61667068}.Release|Any CPU.Build.0 = Release|Any CPU
		{78B4278D-17E8-9026-DC15-282D61667068}.Release|x64.ActiveCfg = Release|Any CPU
		{78B4278D-17E8-9026-DC15-282D61667068}.Release|x64.Build.0 = Release|Any CPU
		{78B4278D-17E8-9026-DC15-282D61667068}.Release|x86.ActiveCfg = Release|Any CPU
		{78B4278D-17E8-9026-DC15-282D61667068}.Release|x86.Build.0 = Release|Any CPU
		{A2486D46-86EE-6410-BA01-ED136745211B}.Debug|Any CPU.ActiveCfg = Debug|Any CPU
		{A2486D46-86EE-6410-BA01-ED136745211B}.Debug|Any CPU.Build.0 = Debug|Any CPU
		{A2486D46-86EE-6410-BA01-ED136745211B}.Debug|x64.ActiveCfg = Debug|Any CPU
		{A2486D46-86EE-6410-BA01-ED136745211B}.Debug|x64.Build.0 = Debug|Any CPU
		{A2486D46-86EE-6410-BA01-ED136745211B}.Debug|x86.ActiveCfg = Debug|Any CPU
		{A2486D46-86EE-6410-BA01-ED136745211B}.Debug|x86.Build.0 = Debug|Any CPU
		{A2486D46-86EE-6410-BA01-ED136745211B}.Release|Any CPU.ActiveCfg = Release|Any CPU
		{A2486D46-86EE-6410-BA01-ED136745211B}.Release|Any CPU.Build.0 = Release|Any CPU
		{A2486D46-86EE-6410-BA01-ED136745211B}.Release|x64.ActiveCfg = Release|Any CPU
		{A2486D46-86EE-6410-BA01-ED136745211B}.Release|x64.Build.0 = Release|Any CPU
		{A2486D46-86EE-6410-BA01-ED136745211B}.Release|x86.ActiveCfg = Release|Any CPU
		{A2486D46-86EE-6410-BA01-ED136745211B}.Release|x86.Build.0 = Release|Any CPU
		{1B8C4EFF-F4B1-0483-22A2-4D6915CBF88A}.Debug|Any CPU.ActiveCfg = Debug|Any CPU
		{1B8C4EFF-F4B1-0483-22A2-4D6915CBF88A}.Debug|Any CPU.Build.0 = Debug|Any CPU
		{1B8C4EFF-F4B1-0483-22A2-4D6915CBF88A}.Debug|x64.ActiveCfg = Debug|Any CPU
		{1B8C4EFF-F4B1-0483-22A2-4D6915CBF88A}.Debug|x64.Build.0 = Debug|Any CPU
		{1B8C4EFF-F4B1-0483-22A2-4D6915CBF88A}.Debug|x86.ActiveCfg = Debug|Any CPU
		{1B8C4EFF-F4B1-0483-22A2-4D6915CBF88A}.Debug|x86.Build.0 = Debug|Any CPU
		{1B8C4EFF-F4B1-0483-22A2-4D6915CBF88A}.Release|Any CPU.ActiveCfg = Release|Any CPU
		{1B8C4EFF-F4B1-0483-22A2-4D6915CBF88A}.Release|Any CPU.Build.0 = Release|Any CPU
		{1B8C4EFF-F4B1-0483-22A2-4D6915CBF88A}.Release|x64.ActiveCfg = Release|Any CPU
		{1B8C4EFF-F4B1-0483-22A2-4D6915CBF88A}.Release|x64.Build.0 = Release|Any CPU
		{1B8C4EFF-F4B1-0483-22A2-4D6915CBF88A}.Release|x86.ActiveCfg = Release|Any CPU
		{1B8C4EFF-F4B1-0483-22A2-4D6915CBF88A}.Release|x86.Build.0 = Release|Any CPU
		{58A2846D-5DF8-5431-8466-727B9874E2D7}.Debug|Any CPU.ActiveCfg = Debug|Any CPU
		{58A2846D-5DF8-5431-8466-727B9874E2D7}.Debug|Any CPU.Build.0 = Debug|Any CPU
		{58A2846D-5DF8-5431-8466-727B9874E2D7}.Debug|x64.ActiveCfg = Debug|Any CPU
		{58A2846D-5DF8-5431-8466-727B9874E2D7}.Debug|x64.Build.0 = Debug|Any CPU
		{58A2846D-5DF8-5431-8466-727B9874E2D7}.Debug|x86.ActiveCfg = Debug|Any CPU
		{58A2846D-5DF8-5431-8466-727B9874E2D7}.Debug|x86.Build.0 = Debug|Any CPU
		{58A2846D-5DF8-5431-8466-727B9874E2D7}.Release|Any CPU.ActiveCfg = Release|Any CPU
		{58A2846D-5DF8-5431-8466-727B9874E2D7}.Release|Any CPU.Build.0 = Release|Any CPU
		{58A2846D-5DF8-5431-8466-727B9874E2D7}.Release|x64.ActiveCfg = Release|Any CPU
		{58A2846D-5DF8-5431-8466-727B9874E2D7}.Release|x64.Build.0 = Release|Any CPU
		{58A2846D-5DF8-5431-8466-727B9874E2D7}.Release|x86.ActiveCfg = Release|Any CPU
		{58A2846D-5DF8-5431-8466-727B9874E2D7}.Release|x86.Build.0 = Release|Any CPU
		{B51AE87D-415B-1FD0-C307-A2CDED325B87}.Debug|Any CPU.ActiveCfg = Debug|Any CPU
		{B51AE87D-415B-1FD0-C307-A2CDED325B87}.Debug|Any CPU.Build.0 = Debug|Any CPU
		{B51AE87D-415B-1FD0-C307-A2CDED325B87}.Debug|x64.ActiveCfg = Debug|Any CPU
		{B51AE87D-415B-1FD0-C307-A2CDED325B87}.Debug|x64.Build.0 = Debug|Any CPU
		{B51AE87D-415B-1FD0-C307-A2CDED325B87}.Debug|x86.ActiveCfg = Debug|Any CPU
		{B51AE87D-415B-1FD0-C307-A2CDED325B87}.Debug|x86.Build.0 = Debug|Any CPU
		{B51AE87D-415B-1FD0-C307-A2CDED325B87}.Release|Any CPU.ActiveCfg = Release|Any CPU
		{B51AE87D-415B-1FD0-C307-A2CDED325B87}.Release|Any CPU.Build.0 = Release|Any CPU
		{B51AE87D-415B-1FD0-C307-A2CDED325B87}.Release|x64.ActiveCfg = Release|Any CPU
		{B51AE87D-415B-1FD0-C307-A2CDED325B87}.Release|x64.Build.0 = Release|Any CPU
		{B51AE87D-415B-1FD0-C307-A2CDED325B87}.Release|x86.ActiveCfg = Release|Any CPU
		{B51AE87D-415B-1FD0-C307-A2CDED325B87}.Release|x86.Build.0 = Release|Any CPU
		{1496C6A7-3318-279E-922A-84CDC8B5E065}.Debug|Any CPU.ActiveCfg = Debug|Any CPU
		{1496C6A7-3318-279E-922A-84CDC8B5E065}.Debug|Any CPU.Build.0 = Debug|Any CPU
		{1496C6A7-3318-279E-922A-84CDC8B5E065}.Debug|x64.ActiveCfg = Debug|Any CPU
		{1496C6A7-3318-279E-922A-84CDC8B5E065}.Debug|x64.Build.0 = Debug|Any CPU
		{1496C6A7-3318-279E-922A-84CDC8B5E065}.Debug|x86.ActiveCfg = Debug|Any CPU
		{1496C6A7-3318-279E-922A-84CDC8B5E065}.Debug|x86.Build.0 = Debug|Any CPU
		{1496C6A7-3318-279E-922A-84CDC8B5E065}.Release|Any CPU.ActiveCfg = Release|Any CPU
		{1496C6A7-3318-279E-922A-84CDC8B5E065}.Release|Any CPU.Build.0 = Release|Any CPU
		{1496C6A7-3318-279E-922A-84CDC8B5E065}.Release|x64.ActiveCfg = Release|Any CPU
		{1496C6A7-3318-279E-922A-84CDC8B5E065}.Release|x64.Build.0 = Release|Any CPU
		{1496C6A7-3318-279E-922A-84CDC8B5E065}.Release|x86.ActiveCfg = Release|Any CPU
		{1496C6A7-3318-279E-922A-84CDC8B5E065}.Release|x86.Build.0 = Release|Any CPU
		{789B47B5-EC24-4737-B516-109834DDF25D}.Debug|Any CPU.ActiveCfg = Debug|Any CPU
		{789B47B5-EC24-4737-B516-109834DDF25D}.Debug|Any CPU.Build.0 = Debug|Any CPU
		{789B47B5-EC24-4737-B516-109834DDF25D}.Debug|x64.ActiveCfg = Debug|Any CPU
		{789B47B5-EC24-4737-B516-109834DDF25D}.Debug|x64.Build.0 = Debug|Any CPU
		{789B47B5-EC24-4737-B516-109834DDF25D}.Debug|x86.ActiveCfg = Debug|Any CPU
		{789B47B5-EC24-4737-B516-109834DDF25D}.Debug|x86.Build.0 = Debug|Any CPU
		{789B47B5-EC24-4737-B516-109834DDF25D}.Release|Any CPU.ActiveCfg = Release|Any CPU
		{789B47B5-EC24-4737-B516-109834DDF25D}.Release|Any CPU.Build.0 = Release|Any CPU
		{789B47B5-EC24-4737-B516-109834DDF25D}.Release|x64.ActiveCfg = Release|Any CPU
		{789B47B5-EC24-4737-B516-109834DDF25D}.Release|x64.Build.0 = Release|Any CPU
		{789B47B5-EC24-4737-B516-109834DDF25D}.Release|x86.ActiveCfg = Release|Any CPU
		{789B47B5-EC24-4737-B516-109834DDF25D}.Release|x86.Build.0 = Release|Any CPU
		{BA755FA5-4E59-4683-8890-A69D0C696AC8}.Debug|Any CPU.ActiveCfg = Debug|Any CPU
		{BA755FA5-4E59-4683-8890-A69D0C696AC8}.Debug|Any CPU.Build.0 = Debug|Any CPU
		{BA755FA5-4E59-4683-8890-A69D0C696AC8}.Debug|x64.ActiveCfg = Debug|Any CPU
		{BA755FA5-4E59-4683-8890-A69D0C696AC8}.Debug|x64.Build.0 = Debug|Any CPU
		{BA755FA5-4E59-4683-8890-A69D0C696AC8}.Debug|x86.ActiveCfg = Debug|Any CPU
		{BA755FA5-4E59-4683-8890-A69D0C696AC8}.Debug|x86.Build.0 = Debug|Any CPU
		{BA755FA5-4E59-4683-8890-A69D0C696AC8}.Release|Any CPU.ActiveCfg = Release|Any CPU
		{BA755FA5-4E59-4683-8890-A69D0C696AC8}.Release|Any CPU.Build.0 = Release|Any CPU
		{BA755FA5-4E59-4683-8890-A69D0C696AC8}.Release|x64.ActiveCfg = Release|Any CPU
		{BA755FA5-4E59-4683-8890-A69D0C696AC8}.Release|x64.Build.0 = Release|Any CPU
		{BA755FA5-4E59-4683-8890-A69D0C696AC8}.Release|x86.ActiveCfg = Release|Any CPU
		{BA755FA5-4E59-4683-8890-A69D0C696AC8}.Release|x86.Build.0 = Release|Any CPU
		{F9734D7A-8717-4563-B247-BC16BE7B85D4}.Debug|Any CPU.ActiveCfg = Debug|Any CPU
		{F9734D7A-8717-4563-B247-BC16BE7B85D4}.Debug|Any CPU.Build.0 = Debug|Any CPU
		{F9734D7A-8717-4563-B247-BC16BE7B85D4}.Debug|x64.ActiveCfg = Debug|Any CPU
		{F9734D7A-8717-4563-B247-BC16BE7B85D4}.Debug|x64.Build.0 = Debug|Any CPU
		{F9734D7A-8717-4563-B247-BC16BE7B85D4}.Debug|x86.ActiveCfg = Debug|Any CPU
		{F9734D7A-8717-4563-B247-BC16BE7B85D4}.Debug|x86.Build.0 = Debug|Any CPU
		{F9734D7A-8717-4563-B247-BC16BE7B85D4}.Release|Any CPU.ActiveCfg = Release|Any CPU
		{F9734D7A-8717-4563-B247-BC16BE7B85D4}.Release|Any CPU.Build.0 = Release|Any CPU
		{F9734D7A-8717-4563-B247-BC16BE7B85D4}.Release|x64.ActiveCfg = Release|Any CPU
		{F9734D7A-8717-4563-B247-BC16BE7B85D4}.Release|x64.Build.0 = Release|Any CPU
		{F9734D7A-8717-4563-B247-BC16BE7B85D4}.Release|x86.ActiveCfg = Release|Any CPU
		{F9734D7A-8717-4563-B247-BC16BE7B85D4}.Release|x86.Build.0 = Release|Any CPU
	EndGlobalSection
	GlobalSection(SolutionProperties) = preSolution
		HideSolutionNode = FALSE
	EndGlobalSection
	GlobalSection(NestedProjects) = preSolution
		{B17C2944-B379-45DA-AF5D-B20D53DF72C0} = {C129B0AB-1764-4705-BBC5-08A3C9A597C4}
		{2C47FF0C-83B7-48DB-BB6D-4CFD0ED5E34A} = {37B3C3B3-AE38-4F81-BDD6-0A53258C111C}
		{EF11639C-E334-4721-BC7B-12205830A03E} = {FE4B4C02-D958-47DC-86ED-5DCDA2083B25}
		{7AECFE51-A6F8-4C3D-9114-A4BE7FBCC7DF} = {2C47FF0C-83B7-48DB-BB6D-4CFD0ED5E34A}
		{9B5C3067-0F4F-4D51-B2EE-C66E7D5568B8} = {7AECFE51-A6F8-4C3D-9114-A4BE7FBCC7DF}
		{47D0850C-E4D3-4DB7-B9BB-3EB00FFC3F61} = {37B3C3B3-AE38-4F81-BDD6-0A53258C111C}
		{D376EF6A-D56B-4C5C-9EBC-6461D9905F95} = {37B3C3B3-AE38-4F81-BDD6-0A53258C111C}
		{FE4B4C02-D958-47DC-86ED-5DCDA2083B25} = {635CC65E-1322-4793-AF40-D6213384BDCA}
		{37B3C3B3-AE38-4F81-BDD6-0A53258C111C} = {635CC65E-1322-4793-AF40-D6213384BDCA}
		{C129B0AB-1764-4705-BBC5-08A3C9A597C4} = {635CC65E-1322-4793-AF40-D6213384BDCA}
		{7635018D-52EF-4B85-95A4-F80FBD596CDF} = {37B3C3B3-AE38-4F81-BDD6-0A53258C111C}
		{D238FDC3-B618-879F-9841-BB3CCCA83A01} = {EF11639C-E334-4721-BC7B-12205830A03E}
		{C68E00E3-BD97-BBFD-7891-347F59976227} = {47D0850C-E4D3-4DB7-B9BB-3EB00FFC3F61}
		{675A7F31-33AF-8510-C43B-CBF83D0EB6D4} = {47D0850C-E4D3-4DB7-B9BB-3EB00FFC3F61}
		{1895F07A-B6CC-4737-8873-45BACD98DAD1} = {47D0850C-E4D3-4DB7-B9BB-3EB00FFC3F61}
		{0C16277D-CCB7-12C1-68FB-D77437729B9E} = {2C47FF0C-83B7-48DB-BB6D-4CFD0ED5E34A}
		{78B4278D-17E8-9026-DC15-282D61667068} = {2C47FF0C-83B7-48DB-BB6D-4CFD0ED5E34A}
		{A2486D46-86EE-6410-BA01-ED136745211B} = {2C47FF0C-83B7-48DB-BB6D-4CFD0ED5E34A}
		{1B8C4EFF-F4B1-0483-22A2-4D6915CBF88A} = {D376EF6A-D56B-4C5C-9EBC-6461D9905F95}
		{58A2846D-5DF8-5431-8466-727B9874E2D7} = {D376EF6A-D56B-4C5C-9EBC-6461D9905F95}
		{B51AE87D-415B-1FD0-C307-A2CDED325B87} = {D376EF6A-D56B-4C5C-9EBC-6461D9905F95}
		{1496C6A7-3318-279E-922A-84CDC8B5E065} = {B17C2944-B379-45DA-AF5D-B20D53DF72C0}
		{789B47B5-EC24-4737-B516-109834DDF25D} = {37B3C3B3-AE38-4F81-BDD6-0A53258C111C}
		{BA755FA5-4E59-4683-8890-A69D0C696AC8} = {47D0850C-E4D3-4DB7-B9BB-3EB00FFC3F61}
		{02EA681E-C7D8-13C7-8484-4AC65E1B71E8} = {FE4B4C02-D958-47DC-86ED-5DCDA2083B25}
		{F9734D7A-8717-4563-B247-BC16BE7B85D4} = {02EA681E-C7D8-13C7-8484-4AC65E1B71E8}
	EndGlobalSection
	GlobalSection(ExtensibilityGlobals) = postSolution
		SolutionGuid = {FA81EC5F-F50E-4AE4-AC09-5F4ABAD77FEC}
	EndGlobalSection
EndGlobal
